
Microsoft Visual Studio Solution File, Format Version 12.00
# Visual Studio Version 17
VisualStudioVersion = 17.0.32126.317
MinimumVisualStudioVersion = 10.0.40219.1
Project("{9A19103F-16F7-4668-BE54-9A1E7A4F7556}") = "AndreAirLinesApi", "AndreAirLinesApi\AndreAirLinesApi.csproj", "{D50459A0-0160-4C9B-8CE5-6AAB034133AF}"
EndProject
Project("{FAE04EC0-301F-11D3-BF4B-00C04F79EFBC}") = "Robo", "Robo\Robo.csproj", "{AB6F1337-71FE-41E5-97B5-7C8570514663}"
EndProject
Global
	GlobalSection(SolutionConfigurationPlatforms) = preSolution
		Debug|Any CPU = Debug|Any CPU
		Release|Any CPU = Release|Any CPU
	EndGlobalSection
	GlobalSection(ProjectConfigurationPlatforms) = postSolution
		{D50459A0-0160-4C9B-8CE5-6AAB034133AF}.Debug|Any CPU.ActiveCfg = Debug|Any CPU
		{D50459A0-0160-4C9B-8CE5-6AAB034133AF}.Debug|Any CPU.Build.0 = Debug|Any CPU
		{D50459A0-0160-4C9B-8CE5-6AAB034133AF}.Release|Any CPU.ActiveCfg = Release|Any CPU
		{D50459A0-0160-4C9B-8CE5-6AAB034133AF}.Release|Any CPU.Build.0 = Release|Any CPU
		{AB6F1337-71FE-41E5-97B5-7C8570514663}.Debug|Any CPU.ActiveCfg = Debug|Any CPU
		{AB6F1337-71FE-41E5-97B5-7C8570514663}.Debug|Any CPU.Build.0 = Debug|Any CPU
		{AB6F1337-71FE-41E5-97B5-7C8570514663}.Release|Any CPU.ActiveCfg = Release|Any CPU
		{AB6F1337-71FE-41E5-97B5-7C8570514663}.Release|Any CPU.Build.0 = Release|Any CPU
	EndGlobalSection
	GlobalSection(SolutionProperties) = preSolution
		HideSolutionNode = FALSE
	EndGlobalSection
	GlobalSection(ExtensibilityGlobals) = postSolution
		SolutionGuid = {23865404-93FE-4C78-B804-72876D91ADED}
	EndGlobalSection
EndGlobal
